
Microsoft Visual Studio Solution File, Format Version 12.00
# Visual Studio 15
VisualStudioVersion = 15.0.27703.2042
MinimumVisualStudioVersion = 10.0.40219.1
Project("{FAE04EC0-301F-11D3-BF4B-00C04F79EFBC}") = "UniversalShopingApp", "UniversalShopingApp\UniversalShopingApp.csproj", "{3C358E6A-A2C9-441F-9978-E941E753855B}"
EndProject
Project("{FAE04EC0-301F-11D3-BF4B-00C04F79EFBC}") = "UniversalShopingClasses", "UniversalShopingClasses\UniversalShopingClasses.csproj", "{A9F410B9-8DA9-4FB8-89A6-06D2D7645840}"
EndProject
Global
	GlobalSection(SolutionConfigurationPlatforms) = preSolution
		Debug|Any CPU = Debug|Any CPU
		Release|Any CPU = Release|Any CPU
	EndGlobalSection
	GlobalSection(ProjectConfigurationPlatforms) = postSolution
		{3C358E6A-A2C9-441F-9978-E941E753855B}.Debug|Any CPU.ActiveCfg = Debug|Any CPU
		{3C358E6A-A2C9-441F-9978-E941E753855B}.Debug|Any CPU.Build.0 = Debug|Any CPU
		{3C358E6A-A2C9-441F-9978-E941E753855B}.Release|Any CPU.ActiveCfg = Release|Any CPU
		{3C358E6A-A2C9-441F-9978-E941E753855B}.Release|Any CPU.Build.0 = Release|Any CPU
		{A9F410B9-8DA9-4FB8-89A6-06D2D7645840}.Debug|Any CPU.ActiveCfg = Debug|Any CPU
		{A9F410B9-8DA9-4FB8-89A6-06D2D7645840}.Debug|Any CPU.Build.0 = Debug|Any CPU
		{A9F410B9-8DA9-4FB8-89A6-06D2D7645840}.Release|Any CPU.ActiveCfg = Release|Any CPU
		{A9F410B9-8DA9-4FB8-89A6-06D2D7645840}.Release|Any CPU.Build.0 = Release|Any CPU
	EndGlobalSection
	GlobalSection(SolutionProperties) = preSolution
		HideSolutionNode = FALSE
	EndGlobalSection
	GlobalSection(ExtensibilityGlobals) = postSolution
		SolutionGuid = {11A62E2E-67E8-4886-9CFF-2CEE2187800E}
	EndGlobalSection
EndGlobal
